
Microsoft Visual Studio Solution File, Format Version 12.00
# Visual Studio Version 17
VisualStudioVersion = 17.2.32630.192
MinimumVisualStudioVersion = 10.0.40219.1
Project("{FAE04EC0-301F-11D3-BF4B-00C04F79EFBC}") = "back_socio", "back_socio\back_socio.csproj", "{FD871DA5-3A10-4721-B7AD-10B2FDAA9008}"
EndProject
Global
	GlobalSection(SolutionConfigurationPlatforms) = preSolution
		Debug|Any CPU = Debug|Any CPU
		Release|Any CPU = Release|Any CPU
	EndGlobalSection
	GlobalSection(ProjectConfigurationPlatforms) = postSolution
		{FD871DA5-3A10-4721-B7AD-10B2FDAA9008}.Debug|Any CPU.ActiveCfg = Debug|Any CPU
		{FD871DA5-3A10-4721-B7AD-10B2FDAA9008}.Debug|Any CPU.Build.0 = Debug|Any CPU
		{FD871DA5-3A10-4721-B7AD-10B2FDAA9008}.Release|Any CPU.ActiveCfg = Release|Any CPU
		{FD871DA5-3A10-4721-B7AD-10B2FDAA9008}.Release|Any CPU.Build.0 = Release|Any CPU
	EndGlobalSection
	GlobalSection(SolutionProperties) = preSolution
		HideSolutionNode = FALSE
	EndGlobalSection
	GlobalSection(ExtensibilityGlobals) = postSolution
		SolutionGuid = {C1AD1BED-9796-4757-975F-88AC8715EE27}
	EndGlobalSection
EndGlobal
